
Microsoft Visual Studio Solution File, Format Version 12.00
# Visual Studio Version 17
VisualStudioVersion = 17.3.32929.385
MinimumVisualStudioVersion = 10.0.40219.1
Project("{FAE04EC0-301F-11D3-BF4B-00C04F79EFBC}") = "UniteTestProject", "UniteTestProject\UniteTestProject.csproj", "{ADAEE223-B402-4F7B-9486-AB7C6F1DBDE2}"
EndProject
Project("{FAE04EC0-301F-11D3-BF4B-00C04F79EFBC}") = "JobApplicationLibrary.UnitTest", "JobApplicationLibrary.UnitTest\JobApplicationLibrary.UnitTest.csproj", "{888DE9A0-E5DF-49CA-86AE-B234349FEF93}"
EndProject
Global
	GlobalSection(SolutionConfigurationPlatforms) = preSolution
		Debug|Any CPU = Debug|Any CPU
		Release|Any CPU = Release|Any CPU
	EndGlobalSection
	GlobalSection(ProjectConfigurationPlatforms) = postSolution
		{ADAEE223-B402-4F7B-9486-AB7C6F1DBDE2}.Debug|Any CPU.ActiveCfg = Debug|Any CPU
		{ADAEE223-B402-4F7B-9486-AB7C6F1DBDE2}.Debug|Any CPU.Build.0 = Debug|Any CPU
		{ADAEE223-B402-4F7B-9486-AB7C6F1DBDE2}.Release|Any CPU.ActiveCfg = Release|Any CPU
		{ADAEE223-B402-4F7B-9486-AB7C6F1DBDE2}.Release|Any CPU.Build.0 = Release|Any CPU
		{888DE9A0-E5DF-49CA-86AE-B234349FEF93}.Debug|Any CPU.ActiveCfg = Debug|Any CPU
		{888DE9A0-E5DF-49CA-86AE-B234349FEF93}.Debug|Any CPU.Build.0 = Debug|Any CPU
		{888DE9A0-E5DF-49CA-86AE-B234349FEF93}.Release|Any CPU.ActiveCfg = Release|Any CPU
		{888DE9A0-E5DF-49CA-86AE-B234349FEF93}.Release|Any CPU.Build.0 = Release|Any CPU
	EndGlobalSection
	GlobalSection(SolutionProperties) = preSolution
		HideSolutionNode = FALSE
	EndGlobalSection
	GlobalSection(ExtensibilityGlobals) = postSolution
		SolutionGuid = {D22458A8-7605-4D68-9DC1-2C00A92A2DE6}
	EndGlobalSection
EndGlobal
